{
  "name": "Arogya",
  "lockfileVersion": 3,
  "requires": true,
  "packages": {
    "": {
      "dependencies": {
        "dayschedule-widget": "^1.2.0"
      }
    },
    "node_modules/dayschedule-widget": {
      "version": "1.2.0",
      "resolved": "https://registry.npmjs.org/dayschedule-widget/-/dayschedule-widget-1.2.0.tgz",
      "integrity": "sha512-0/efIltpf5/vF5GFazJh3cJ+Aq7jJoHHGiOU1PWTlnJu6ML1yG/Uf/Wh2PZ7uKZ3v0fEXDqUPgcqXoUubAhAqg=="
    }
  }
}
